
Microsoft Visual Studio Solution File, Format Version 12.00
# Visual Studio Version 16
VisualStudioVersion = 16.0.31005.135
MinimumVisualStudioVersion = 10.0.40219.1
Project("{FAE04EC0-301F-11D3-BF4B-00C04F79EFBC}") = "Лаба2.8", "Лаба2.8\Лаба2.8.csproj", "{A3DD176A-1642-478A-A0A6-88236F71DEE4}"
EndProject
Global
	GlobalSection(SolutionConfigurationPlatforms) = preSolution
		Debug|Any CPU = Debug|Any CPU
		Release|Any CPU = Release|Any CPU
	EndGlobalSection
	GlobalSection(ProjectConfigurationPlatforms) = postSolution
		{A3DD176A-1642-478A-A0A6-88236F71DEE4}.Debug|Any CPU.ActiveCfg = Debug|Any CPU
		{A3DD176A-1642-478A-A0A6-88236F71DEE4}.Debug|Any CPU.Build.0 = Debug|Any CPU
		{A3DD176A-1642-478A-A0A6-88236F71DEE4}.Release|Any CPU.ActiveCfg = Release|Any CPU
		{A3DD176A-1642-478A-A0A6-88236F71DEE4}.Release|Any CPU.Build.0 = Release|Any CPU
	EndGlobalSection
	GlobalSection(SolutionProperties) = preSolution
		HideSolutionNode = FALSE
	EndGlobalSection
	GlobalSection(ExtensibilityGlobals) = postSolution
		SolutionGuid = {8E571293-7DB2-4B3E-B649-3A4DD465A877}
	EndGlobalSection
EndGlobal
