
Microsoft Visual Studio Solution File, Format Version 12.00
# Visual Studio Version 16
VisualStudioVersion = 16.0.31005.135
MinimumVisualStudioVersion = 10.0.40219.1
Project("{FAE04EC0-301F-11D3-BF4B-00C04F79EFBC}") = "ЛАБА2", "ЛАБА2\ЛАБА2.csproj", "{E7C197BB-EFCE-46A9-BBE9-E45FBE2024DB}"
EndProject
Global
	GlobalSection(SolutionConfigurationPlatforms) = preSolution
		Debug|Any CPU = Debug|Any CPU
		Release|Any CPU = Release|Any CPU
	EndGlobalSection
	GlobalSection(ProjectConfigurationPlatforms) = postSolution
		{E7C197BB-EFCE-46A9-BBE9-E45FBE2024DB}.Debug|Any CPU.ActiveCfg = Debug|Any CPU
		{E7C197BB-EFCE-46A9-BBE9-E45FBE2024DB}.Debug|Any CPU.Build.0 = Debug|Any CPU
		{E7C197BB-EFCE-46A9-BBE9-E45FBE2024DB}.Release|Any CPU.ActiveCfg = Release|Any CPU
		{E7C197BB-EFCE-46A9-BBE9-E45FBE2024DB}.Release|Any CPU.Build.0 = Release|Any CPU
	EndGlobalSection
	GlobalSection(SolutionProperties) = preSolution
		HideSolutionNode = FALSE
	EndGlobalSection
	GlobalSection(ExtensibilityGlobals) = postSolution
		SolutionGuid = {D27DC517-7C46-4517-82D6-38DA37D2233A}
	EndGlobalSection
EndGlobal
